
Microsoft Visual Studio Solution File, Format Version 12.00
# Visual Studio Version 17
VisualStudioVersion = 17.10.35004.147
MinimumVisualStudioVersion = 10.0.40219.1
Project("{FAE04EC0-301F-11D3-BF4B-00C04F79EFBC}") = "IMovable ConsoleApp1", "IMovable ConsoleApp1\IMovable ConsoleApp1.csproj", "{84EB792B-A634-4FF9-BE04-E4805FF61A82}"
EndProject
Global
	GlobalSection(SolutionConfigurationPlatforms) = preSolution
		Debug|Any CPU = Debug|Any CPU
		Release|Any CPU = Release|Any CPU
	EndGlobalSection
	GlobalSection(ProjectConfigurationPlatforms) = postSolution
		{84EB792B-A634-4FF9-BE04-E4805FF61A82}.Debug|Any CPU.ActiveCfg = Debug|Any CPU
		{84EB792B-A634-4FF9-BE04-E4805FF61A82}.Debug|Any CPU.Build.0 = Debug|Any CPU
		{84EB792B-A634-4FF9-BE04-E4805FF61A82}.Release|Any CPU.ActiveCfg = Release|Any CPU
		{84EB792B-A634-4FF9-BE04-E4805FF61A82}.Release|Any CPU.Build.0 = Release|Any CPU
	EndGlobalSection
	GlobalSection(SolutionProperties) = preSolution
		HideSolutionNode = FALSE
	EndGlobalSection
	GlobalSection(ExtensibilityGlobals) = postSolution
		SolutionGuid = {F2964B3C-BB29-46B7-8BEB-99624E691533}
	EndGlobalSection
EndGlobal
